
Microsoft Visual Studio Solution File, Format Version 12.00
# Visual Studio Version 17
VisualStudioVersion = 17.5.002.0
MinimumVisualStudioVersion = 10.0.40219.1
Project("{9A19103F-16F7-4668-BE54-9A1E7A4F7556}") = "MusicalShop.Services", "MusicalShop.Services\MusicalShop.Services.csproj", "{7CDDCCD6-7891-4620-9858-46612445CED3}"
EndProject
Project("{9A19103F-16F7-4668-BE54-9A1E7A4F7556}") = "MusicalShop.Services.Mapping", "MusicalShop.Services.Mapping\MusicalShop.Services.Mapping.csproj", "{2A8C49FC-45E2-4390-AF58-F92F936B47AD}"
EndProject
Project("{9A19103F-16F7-4668-BE54-9A1E7A4F7556}") = "MusicalShop.Data", "MusicalShop.Data\MusicalShop.Data.csproj", "{37122CD0-5B91-4CBE-AB77-0F83018B2EB3}"
EndProject
Project("{9A19103F-16F7-4668-BE54-9A1E7A4F7556}") = "MusicalShop.Data.Models", "MusicalShop.Data.Models\MusicalShop.Data.Models.csproj", "{C0523525-2ABA-405D-8A82-47EDD79BB0B6}"
EndProject
Project("{9A19103F-16F7-4668-BE54-9A1E7A4F7556}") = "MusicalShop.Services.Models", "MusicalShop.Services.Models\MusicalShop.Services.Models.csproj", "{F847434F-0997-4E0E-B91F-CA7E49F45D10}"
EndProject
Global
	GlobalSection(SolutionConfigurationPlatforms) = preSolution
		Debug|Any CPU = Debug|Any CPU
		Release|Any CPU = Release|Any CPU
	EndGlobalSection
	GlobalSection(ProjectConfigurationPlatforms) = postSolution
		{7CDDCCD6-7891-4620-9858-46612445CED3}.Debug|Any CPU.ActiveCfg = Debug|Any CPU
		{7CDDCCD6-7891-4620-9858-46612445CED3}.Debug|Any CPU.Build.0 = Debug|Any CPU
		{7CDDCCD6-7891-4620-9858-46612445CED3}.Release|Any CPU.ActiveCfg = Release|Any CPU
		{7CDDCCD6-7891-4620-9858-46612445CED3}.Release|Any CPU.Build.0 = Release|Any CPU
		{2A8C49FC-45E2-4390-AF58-F92F936B47AD}.Debug|Any CPU.ActiveCfg = Debug|Any CPU
		{2A8C49FC-45E2-4390-AF58-F92F936B47AD}.Debug|Any CPU.Build.0 = Debug|Any CPU
		{2A8C49FC-45E2-4390-AF58-F92F936B47AD}.Release|Any CPU.ActiveCfg = Release|Any CPU
		{2A8C49FC-45E2-4390-AF58-F92F936B47AD}.Release|Any CPU.Build.0 = Release|Any CPU
		{37122CD0-5B91-4CBE-AB77-0F83018B2EB3}.Debug|Any CPU.ActiveCfg = Debug|Any CPU
		{37122CD0-5B91-4CBE-AB77-0F83018B2EB3}.Debug|Any CPU.Build.0 = Debug|Any CPU
		{37122CD0-5B91-4CBE-AB77-0F83018B2EB3}.Release|Any CPU.ActiveCfg = Release|Any CPU
		{37122CD0-5B91-4CBE-AB77-0F83018B2EB3}.Release|Any CPU.Build.0 = Release|Any CPU
		{C0523525-2ABA-405D-8A82-47EDD79BB0B6}.Debug|Any CPU.ActiveCfg = Debug|Any CPU
		{C0523525-2ABA-405D-8A82-47EDD79BB0B6}.Debug|Any CPU.Build.0 = Debug|Any CPU
		{C0523525-2ABA-405D-8A82-47EDD79BB0B6}.Release|Any CPU.ActiveCfg = Release|Any CPU
		{C0523525-2ABA-405D-8A82-47EDD79BB0B6}.Release|Any CPU.Build.0 = Release|Any CPU
		{F847434F-0997-4E0E-B91F-CA7E49F45D10}.Debug|Any CPU.ActiveCfg = Debug|Any CPU
		{F847434F-0997-4E0E-B91F-CA7E49F45D10}.Debug|Any CPU.Build.0 = Debug|Any CPU
		{F847434F-0997-4E0E-B91F-CA7E49F45D10}.Release|Any CPU.ActiveCfg = Release|Any CPU
		{F847434F-0997-4E0E-B91F-CA7E49F45D10}.Release|Any CPU.Build.0 = Release|Any CPU
	EndGlobalSection
	GlobalSection(SolutionProperties) = preSolution
		HideSolutionNode = FALSE
	EndGlobalSection
	GlobalSection(ExtensibilityGlobals) = postSolution
		SolutionGuid = {E099DAD9-FF77-4CCC-97CF-AF23C0D16867}
	EndGlobalSection
EndGlobal
